{
  "name": "db",
  "version": "1.0.0",
  "lockfileVersion": 2,
  "requires": true,
  "packages": {
    "": {
      "name": "db",
      "version": "1.0.0",
      "license": "MIT",
      "dependencies": {
        "lru-cache": "^8.0.5"
      }
    },
    "node_modules/lru-cache": {
      "version": "8.0.5",
      "resolved": "https://registry.npmjs.org/lru-cache/-/lru-cache-8.0.5.tgz",
      "integrity": "sha512-MhWWlVnuab1RG5/zMRRcVGXZLCXrZTgfwMikgzCegsPnG62yDQo5JnqKkrK4jO5iKqDAZGItAqN5CtKBCBWRUA==",
      "engines": {
        "node": ">=16.14"
      }
    }
  },
  "dependencies": {
    "lru-cache": {
      "version": "8.0.5",
      "resolved": "https://registry.npmjs.org/lru-cache/-/lru-cache-8.0.5.tgz",
      "integrity": "sha512-MhWWlVnuab1RG5/zMRRcVGXZLCXrZTgfwMikgzCegsPnG62yDQo5JnqKkrK4jO5iKqDAZGItAqN5CtKBCBWRUA=="
    }
  }
}
